
Microsoft Visual Studio Solution File, Format Version 12.00
# Visual Studio 2013
VisualStudioVersion = 12.0.21005.1
MinimumVisualStudioVersion = 10.0.40219.1
Project("{FAE04EC0-301F-11D3-BF4B-00C04F79EFBC}") = "Photo.Net", "Photo.Net\Photo.Net.csproj", "{0D8932C2-C484-44E6-8055-03C44D640B74}"
EndProject
Project("{FAE04EC0-301F-11D3-BF4B-00C04F79EFBC}") = "Photo.Net.Base", "Photo.Net.Base\Photo.Net.Base.csproj", "{E65533D2-3571-42E7-830B-CD0856161F5D}"
EndProject
Project("{FAE04EC0-301F-11D3-BF4B-00C04F79EFBC}") = "Photo.Net.Core", "Photo.Net.Core\Photo.Net.Core.csproj", "{CAD65F3E-237D-46E5-9278-21BE029DB2E8}"
EndProject
Project("{FAE04EC0-301F-11D3-BF4B-00C04F79EFBC}") = "Photo.Net.Algorithm", "Photo.Net.Algorithm\Photo.Net.Algorithm.csproj", "{426C6644-71D7-4DFC-9A64-4464D04E05FE}"
EndProject
Project("{FAE04EC0-301F-11D3-BF4B-00C04F79EFBC}") = "Photo.Net.Control", "Photo.Net.Control\Photo.Net.Control.csproj", "{B92BA34F-5BDB-46F6-80BC-93E57C787382}"
EndProject
Project("{FAE04EC0-301F-11D3-BF4B-00C04F79EFBC}") = "Photo.Net.Gdi", "Photo.Net.Gdi\Photo.Net.Gdi.csproj", "{7986DC38-09B5-42EC-94BC-963BFF8021FD}"
EndProject
Global
	GlobalSection(SolutionConfigurationPlatforms) = preSolution
		Debug|Any CPU = Debug|Any CPU
		Release|Any CPU = Release|Any CPU
	EndGlobalSection
	GlobalSection(ProjectConfigurationPlatforms) = postSolution
		{0D8932C2-C484-44E6-8055-03C44D640B74}.Debug|Any CPU.ActiveCfg = Debug|Any CPU
		{0D8932C2-C484-44E6-8055-03C44D640B74}.Debug|Any CPU.Build.0 = Debug|Any CPU
		{0D8932C2-C484-44E6-8055-03C44D640B74}.Release|Any CPU.ActiveCfg = Release|Any CPU
		{0D8932C2-C484-44E6-8055-03C44D640B74}.Release|Any CPU.Build.0 = Release|Any CPU
		{E65533D2-3571-42E7-830B-CD0856161F5D}.Debug|Any CPU.ActiveCfg = Debug|Any CPU
		{E65533D2-3571-42E7-830B-CD0856161F5D}.Debug|Any CPU.Build.0 = Debug|Any CPU
		{E65533D2-3571-42E7-830B-CD0856161F5D}.Release|Any CPU.ActiveCfg = Release|Any CPU
		{E65533D2-3571-42E7-830B-CD0856161F5D}.Release|Any CPU.Build.0 = Release|Any CPU
		{CAD65F3E-237D-46E5-9278-21BE029DB2E8}.Debug|Any CPU.ActiveCfg = Debug|Any CPU
		{CAD65F3E-237D-46E5-9278-21BE029DB2E8}.Debug|Any CPU.Build.0 = Debug|Any CPU
		{CAD65F3E-237D-46E5-9278-21BE029DB2E8}.Release|Any CPU.ActiveCfg = Release|Any CPU
		{CAD65F3E-237D-46E5-9278-21BE029DB2E8}.Release|Any CPU.Build.0 = Release|Any CPU
		{426C6644-71D7-4DFC-9A64-4464D04E05FE}.Debug|Any CPU.ActiveCfg = Debug|Any CPU
		{426C6644-71D7-4DFC-9A64-4464D04E05FE}.Debug|Any CPU.Build.0 = Debug|Any CPU
		{426C6644-71D7-4DFC-9A64-4464D04E05FE}.Release|Any CPU.ActiveCfg = Release|Any CPU
		{426C6644-71D7-4DFC-9A64-4464D04E05FE}.Release|Any CPU.Build.0 = Release|Any CPU
		{B92BA34F-5BDB-46F6-80BC-93E57C787382}.Debug|Any CPU.ActiveCfg = Debug|Any CPU
		{B92BA34F-5BDB-46F6-80BC-93E57C787382}.Debug|Any CPU.Build.0 = Debug|Any CPU
		{B92BA34F-5BDB-46F6-80BC-93E57C787382}.Release|Any CPU.ActiveCfg = Release|Any CPU
		{B92BA34F-5BDB-46F6-80BC-93E57C787382}.Release|Any CPU.Build.0 = Release|Any CPU
		{7986DC38-09B5-42EC-94BC-963BFF8021FD}.Debug|Any CPU.ActiveCfg = Debug|Any CPU
		{7986DC38-09B5-42EC-94BC-963BFF8021FD}.Debug|Any CPU.Build.0 = Debug|Any CPU
		{7986DC38-09B5-42EC-94BC-963BFF8021FD}.Release|Any CPU.ActiveCfg = Release|Any CPU
		{7986DC38-09B5-42EC-94BC-963BFF8021FD}.Release|Any CPU.Build.0 = Release|Any CPU
	EndGlobalSection
	GlobalSection(SolutionProperties) = preSolution
		HideSolutionNode = FALSE
	EndGlobalSection
EndGlobal
